<?xml version="1.0" encoding="utf-8"?>
<Project ToolsVersion="4.0" xmlns="http://schemas.microsoft.com/developer/msbuild/2003">
  <ItemGroup>
    <Filter Include="src">
      <UniqueIdentifier>{8b9f2ee6-1278-4d34-9f09-be40b0f27e0f}</UniqueIdentifier>
    </Filter>
  </ItemGroup>
  <ItemGroup>
    <ClInclude Include="..\qu3e-master\src\q3.h">
      <Filter>src</Filter>
    </ClInclude>
    <ClInclude Include="..\qu3e-master\src\broadphase\q3BroadPhase.h">
      <Filter>src</Filter>
    </ClInclude>
    <ClInclude Include="..\qu3e-master\src\broadphase\q3DynamicAABBTree.h">
      <Filter>src</Filter>
    </ClInclude>
    <ClInclude Include="..\qu3e-master\src\collision\q3Box.h">
      <Filter>src</Filter>
    </ClInclude>
    <ClInclude Include="..\qu3e-master\src\collision\q3Collide.h">
      <Filter>src</Filter>
    </ClInclude>
    <ClInclude Include="..\qu3e-master\src\common\q3Geometry.h">
      <Filter>src</Filter>
    </ClInclude>
    <ClInclude Include="..\qu3e-master\src\common\q3Memory.h">
      <Filter>src</Filter>
    </ClInclude>
    <ClInclude Include="..\qu3e-master\src\common\q3Settings.h">
      <Filter>src</Filter>
    </ClInclude>
    <ClInclude Include="..\qu3e-master\src\common\q3Types.h">
      <Filter>src</Filter>
    </ClInclude>
    <ClInclude Include="..\qu3e-master\src\debug\q3Render.h">
      <Filter>src</Filter>
    </ClInclude>
    <ClInclude Include="..\qu3e-master\src\dynamics\q3Body.h">
      <Filter>src</Filter>
    </ClInclude>
    <ClInclude Include="..\qu3e-master\src\dynamics\q3Contact.h">
      <Filter>src</Filter>
    </ClInclude>
    <ClInclude Include="..\qu3e-master\src\dynamics\q3ContactManager.h">
      <Filter>src</Filter>
    </ClInclude>
    <ClInclude Include="..\qu3e-master\src\dynamics\q3ContactSolver.h">
      <Filter>src</Filter>
    </ClInclude>
    <ClInclude Include="..\qu3e-master\src\dynamics\q3Island.h">
      <Filter>src</Filter>
    </ClInclude>
    <ClInclude Include="..\qu3e-master\src\math\q3Mat3.h">
      <Filter>src</Filter>
    </ClInclude>
    <ClInclude Include="..\qu3e-master\src\math\q3Math.h">
      <Filter>src</Filter>
    </ClInclude>
    <ClInclude Include="..\qu3e-master\src\math\q3Quaternion.h">
      <Filter>src</Filter>
    </ClInclude>
    <ClInclude Include="..\qu3e-master\src\math\q3Transform.h">
      <Filter>src</Filter>
    </ClInclude>
    <ClInclude Include="..\qu3e-master\src\math\q3Vec3.h">
      <Filter>src</Filter>
    </ClInclude>
    <ClInclude Include="..\qu3e-master\src\scene\q3Scene.h">
      <Filter>src</Filter>
    </ClInclude>
  </ItemGroup>
  <ItemGroup>
    <ClCompile Include="..\qu3e-master\src\broadphase\q3BroadPhase.cpp">
      <Filter>src</Filter>
    </ClCompile>
    <ClCompile Include="..\qu3e-master\src\broadphase\q3DynamicAABBTree.cpp">
      <Filter>src</Filter>
    </ClCompile>
    <ClCompile Include="..\qu3e-master\src\collision\q3Box.cpp">
      <Filter>src</Filter>
    </ClCompile>
    <ClCompile Include="..\qu3e-master\src\collision\q3Collide.cpp">
      <Filter>src</Filter>
    </ClCompile>
    <ClCompile Include="..\qu3e-master\src\common\q3Geometry.cpp">
      <Filter>src</Filter>
    </ClCompile>
    <ClCompile Include="..\qu3e-master\src\common\q3Memory.cpp">
      <Filter>src</Filter>
    </ClCompile>
    <ClCompile Include="..\qu3e-master\src\dynamics\q3Body.cpp">
      <Filter>src</Filter>
    </ClCompile>
    <ClCompile Include="..\qu3e-master\src\dynamics\q3Contact.cpp">
      <Filter>src</Filter>
    </ClCompile>
    <ClCompile Include="..\qu3e-master\src\dynamics\q3ContactManager.cpp">
      <Filter>src</Filter>
    </ClCompile>
    <ClCompile Include="..\qu3e-master\src\dynamics\q3ContactSolver.cpp">
      <Filter>src</Filter>
    </ClCompile>
    <ClCompile Include="..\qu3e-master\src\dynamics\q3Island.cpp">
      <Filter>src</Filter>
    </ClCompile>
    <ClCompile Include="..\qu3e-master\src\math\q3Mat3.cpp">
      <Filter>src</Filter>
    </ClCompile>
    <ClCompile Include="..\qu3e-master\src\math\q3Quaternion.cpp">
      <Filter>src</Filter>
    </ClCompile>
    <ClCompile Include="..\qu3e-master\src\math\q3Vec3.cpp">
      <Filter>src</Filter>
    </ClCompile>
    <ClCompile Include="..\qu3e-master\src\scene\q3Scene.cpp">
      <Filter>src</Filter>
    </ClCompile>
  </ItemGroup>
  <ItemGroup>
    <None Include="..\qu3e-master\src\broadphase\q3DynamicAABBTree.inl">
      <Filter>src</Filter>
    </None>
    <None Include="..\qu3e-master\src\collision\q3Box.inl">
      <Filter>src</Filter>
    </None>
    <None Include="..\qu3e-master\src\common\q3Geometry.inl">
      <Filter>src</Filter>
    </None>
    <None Include="..\qu3e-master\src\math\q3Mat3.inl">
      <Filter>src</Filter>
    </None>
    <None Include="..\qu3e-master\src\math\q3Math.inl">
      <Filter>src</Filter>
    </None>
    <None Include="..\qu3e-master\src\math\q3Transform.inl">
      <Filter>src</Filter>
    </None>
    <None Include="..\qu3e-master\src\math\q3Vec3.inl">
      <Filter>src</Filter>
    </None>
  </ItemGroup>
</Project>